# THIS IS AN AUTOGENERATED FILE. DO NOT EDIT THIS FILE DIRECTLY.
# yarn lockfile v1


"@pcwitcher/id-generator@1.0.1":
  version "1.0.1"
  resolved "https://registry.yarnpkg.com/@pcwitcher/id-generator/-/id-generator-1.0.1.tgz#81848c4bd412fcf6ffe8890be995fd2a214d3127"
  integrity sha512-J+xjWVxmXosTKkpfVe0JfzRQ60evdZ38Zq6bU3etKS4BBduX/WPUjcXOT/7LqvFPQAuxuwFkJjyUvVM9QtxCAw==
